
Microsoft Visual Studio Solution File, Format Version 12.00
# Visual Studio Version 17
VisualStudioVersion = 17.7.34024.191
MinimumVisualStudioVersion = 10.0.40219.1
Project("{FAE04EC0-301F-11D3-BF4B-00C04F79EFBC}") = "FieldsAndConstant", "FieldsAndConstant\FieldsAndConstant.csproj", "{42DBC22E-E2E6-49F0-AD2F-106EFC2745DF}"
EndProject
Global
	GlobalSection(SolutionConfigurationPlatforms) = preSolution
		Debug|Any CPU = Debug|Any CPU
		Release|Any CPU = Release|Any CPU
	EndGlobalSection
	GlobalSection(ProjectConfigurationPlatforms) = postSolution
		{42DBC22E-E2E6-49F0-AD2F-106EFC2745DF}.Debug|Any CPU.ActiveCfg = Debug|Any CPU
		{42DBC22E-E2E6-49F0-AD2F-106EFC2745DF}.Debug|Any CPU.Build.0 = Debug|Any CPU
		{42DBC22E-E2E6-49F0-AD2F-106EFC2745DF}.Release|Any CPU.ActiveCfg = Release|Any CPU
		{42DBC22E-E2E6-49F0-AD2F-106EFC2745DF}.Release|Any CPU.Build.0 = Release|Any CPU
	EndGlobalSection
	GlobalSection(SolutionProperties) = preSolution
		HideSolutionNode = FALSE
	EndGlobalSection
	GlobalSection(ExtensibilityGlobals) = postSolution
		SolutionGuid = {35D4641E-572F-4E24-B39E-558A81F80A67}
	EndGlobalSection
EndGlobal
